{
  "name": "hexo-tag-chart",
  "version": "1.0.4",
  "lockfileVersion": 1,
  "requires": true,
  "dependencies": {
    "lodash": {
      "version": "4.17.19",
      "resolved": "https://registry.npm.taobao.org/lodash/download/lodash-4.17.19.tgz?cache=0&sync_timestamp=1594226952537&other_urls=https%3A%2F%2Fregistry.npm.taobao.org%2Flodash%2Fdownload%2Flodash-4.17.19.tgz",
      "integrity": "sha1-5I3e2+MLMyF4PFtDAfvTU7weSks="
    }
  }
}
